{
  "nodes": {
    "awesome-src": {
      "flake": false,
      "locked": {
        "lastModified": 1656603165,
        "narHash": "sha256-RRpwAIYNLkovXI0y/eXO9uRDqB4qQcXlnYYUCEmx/EA=",
        "owner": "awesomeWM",
        "repo": "awesome",
        "rev": "9ca7bb487a5d1d2d5c102f94cd9e8cb5b6e7ffaa",
        "type": "github"
      },
      "original": {
        "owner": "awesomeWM",
        "repo": "awesome",
        "type": "github"
      }
    },
    "discocss": {
      "inputs": {
        "flake-utils": "flake-utils",
        "nixpkgs": "nixpkgs"
      },
      "locked": {
        "lastModified": 1620525524,
        "narHash": "sha256-CUGovwgpSUmseoeOPt222ncS00jTcUJQfz3+ZJgWFNE=",
        "owner": "mlvzk",
        "repo": "discocss",
        "rev": "5d14737ae943a67a6791ba2107a820122cbf0174",
        "type": "github"
      },
      "original": {
        "owner": "mlvzk",
        "ref": "flake",
        "repo": "discocss",
        "type": "github"
      }
    },
    "discord-overlay": {
      "inputs": {
        "nixpkgs": [
          "nixpkgs"
        ]
      },
      "locked": {
        "lastModified": 1654711228,
        "narHash": "sha256-oE3tZey7JwqaPj9loS4rZydbHfPU95o/9EkfjJBuV6w=",
        "owner": "InternetUnexplorer",
        "repo": "discord-overlay",
        "rev": "80aba28999ae51280121442ffee1447c3acc2210",
        "type": "github"
      },
      "original": {
        "owner": "InternetUnexplorer",
        "repo": "discord-overlay",
        "type": "github"
      }
    },
    "eww": {
      "inputs": {
        "fenix": "fenix",
        "flake-compat": "flake-compat",
        "flake-utils": "flake-utils_2",
        "naersk": "naersk",
        "nixpkgs": "nixpkgs_3"
      },
      "locked": {
        "lastModified": 1656799249,
        "narHash": "sha256-z54zjlAamMFg/dnQ8P9lv/OkQTqFlo9e8Z4Tg5uXC7Y=",
        "owner": "elkowar",
        "repo": "eww",
        "rev": "b2f60a1f436567bca7bb4c8edd04096c573c4caa",
        "type": "github"
      },
      "original": {
        "owner": "elkowar",
        "repo": "eww",
        "type": "github"
      }
    },
    "eww_2": {
      "inputs": {
        "fenix": "fenix_2",
        "flake-compat": "flake-compat_3",
        "flake-utils": "flake-utils_4",
        "naersk": "naersk_2",
        "nixpkgs": "nixpkgs_9"
      },
      "locked": {
        "lastModified": 1656799249,
        "narHash": "sha256-z54zjlAamMFg/dnQ8P9lv/OkQTqFlo9e8Z4Tg5uXC7Y=",
        "owner": "elkowar",
        "repo": "eww",
        "rev": "b2f60a1f436567bca7bb4c8edd04096c573c4caa",
        "type": "github"
      },
      "original": {
        "owner": "elkowar",
        "repo": "eww",
        "type": "github"
      }
    },
    "fenix": {
      "inputs": {
        "nixpkgs": [
          "eww",
          "nixpkgs"
        ],
        "rust-analyzer-src": "rust-analyzer-src"
      },
      "locked": {
        "lastModified": 1635402244,
        "narHash": "sha256-4bUSYJDRxAo66UpNkFmEMRIWMdDXBEnq8GB/rG++Y3A=",
        "owner": "nix-community",
        "repo": "fenix",
        "rev": "840f96d1f3257d64c04fe949dfc9c0b4795c04c1",
        "type": "github"
      },
      "original": {
        "owner": "nix-community",
        "repo": "fenix",
        "type": "github"
      }
    },
    "fenix_2": {
      "inputs": {
        "nixpkgs": "nixpkgs_7",
        "rust-analyzer-src": "rust-analyzer-src_2"
      },
      "locked": {
        "lastModified": 1635402244,
        "narHash": "sha256-4bUSYJDRxAo66UpNkFmEMRIWMdDXBEnq8GB/rG++Y3A=",
        "owner": "nix-community",
        "repo": "fenix",
        "rev": "840f96d1f3257d64c04fe949dfc9c0b4795c04c1",
        "type": "github"
      },
      "original": {
        "owner": "nix-community",
        "repo": "fenix",
        "type": "github"
      }
    },
    "fenix_3": {
      "inputs": {
        "nixpkgs": [
          "todo",
          "nixpkgs"
        ],
        "rust-analyzer-src": "rust-analyzer-src_3"
      },
      "locked": {
        "lastModified": 1649140024,
        "narHash": "sha256-SZLyRjOqmCevSFlxLvV6Zy/Hzu4AfYmZQqerLBNJa8A=",
        "owner": "nix-community",
        "repo": "fenix",
        "rev": "2af3ac5c6ee0e353e055241e21ca4710714a1394",
        "type": "github"
      },
      "original": {
        "owner": "nix-community",
        "repo": "fenix",
        "type": "github"
      }
    },
    "fetch": {
      "inputs": {
        "nixpkgs": "nixpkgs_4"
      },
      "locked": {
        "lastModified": 1649936548,
        "narHash": "sha256-okHcFoM8d6jIaWQLyhP5VaZ9BHmX5IWHlu1ngOjJv3c=",
        "owner": "sioodmy",
        "repo": "fetch",
        "rev": "39c8d0529edfc8005aa6e9eb7265715bfe18607b",
        "type": "github"
      },
      "original": {
        "owner": "sioodmy",
        "repo": "fetch",
        "type": "github"
      }
    },
    "flake-compat": {
      "flake": false,
      "locked": {
        "lastModified": 1627913399,
        "narHash": "sha256-hY8g6H2KFL8ownSiFeMOjwPC8P0ueXpCVEbxgda3pko=",
        "owner": "edolstra",
        "repo": "flake-compat",
        "rev": "12c64ca55c1014cdc1b16ed5a804aa8576601ff2",
        "type": "github"
      },
      "original": {
        "owner": "edolstra",
        "repo": "flake-compat",
        "type": "github"
      }
    },
    "flake-compat_2": {
      "flake": false,
      "locked": {
        "lastModified": 1650374568,
        "narHash": "sha256-Z+s0J8/r907g149rllvwhb4pKi8Wam5ij0st8PwAh+E=",
        "owner": "edolstra",
        "repo": "flake-compat",
        "rev": "b4a34015c698c7793d592d66adbab377907a2be8",
        "type": "github"
      },
      "original": {
        "owner": "edolstra",
        "repo": "flake-compat",
        "type": "github"
      }
    },
    "flake-compat_3": {
      "flake": false,
      "locked": {
        "lastModified": 1627913399,
        "narHash": "sha256-hY8g6H2KFL8ownSiFeMOjwPC8P0ueXpCVEbxgda3pko=",
        "owner": "edolstra",
        "repo": "flake-compat",
        "rev": "12c64ca55c1014cdc1b16ed5a804aa8576601ff2",
        "type": "github"
      },
      "original": {
        "owner": "edolstra",
        "repo": "flake-compat",
        "type": "github"
      }
    },
    "flake-compat_4": {
      "flake": false,
      "locked": {
        "lastModified": 1648199409,
        "narHash": "sha256-JwPKdC2PoVBkG6E+eWw3j6BMR6sL3COpYWfif7RVb8Y=",
        "owner": "edolstra",
        "repo": "flake-compat",
        "rev": "64a525ee38886ab9028e6f61790de0832aa3ef03",
        "type": "github"
      },
      "original": {
        "owner": "edolstra",
        "repo": "flake-compat",
        "type": "github"
      }
    },
    "flake-utils": {
      "locked": {
        "lastModified": 1619345332,
        "narHash": "sha256-qHnQkEp1uklKTpx3MvKtY6xzgcqXDsz5nLilbbuL+3A=",
        "owner": "numtide",
        "repo": "flake-utils",
        "rev": "2ebf2558e5bf978c7fb8ea927dfaed8fefab2e28",
        "type": "github"
      },
      "original": {
        "owner": "numtide",
        "repo": "flake-utils",
        "type": "github"
      }
    },
    "flake-utils_2": {
      "locked": {
        "lastModified": 1634851050,
        "narHash": "sha256-N83GlSGPJJdcqhUxSCS/WwW5pksYf3VP1M13cDRTSVA=",
        "owner": "numtide",
        "repo": "flake-utils",
        "rev": "c91f3de5adaf1de973b797ef7485e441a65b8935",
        "type": "github"
      },
      "original": {
        "owner": "numtide",
        "repo": "flake-utils",
        "type": "github"
      }
    },
    "flake-utils_3": {
      "locked": {
        "lastModified": 1644229661,
        "narHash": "sha256-1YdnJAsNy69bpcjuoKdOYQX0YxZBiCYZo4Twxerqv7k=",
        "owner": "numtide",
        "repo": "flake-utils",
        "rev": "3cecb5b042f7f209c56ffd8371b2711a290ec797",
        "type": "github"
      },
      "original": {
        "owner": "numtide",
        "repo": "flake-utils",
        "type": "github"
      }
    },
    "flake-utils_4": {
      "locked": {
        "lastModified": 1634851050,
        "narHash": "sha256-N83GlSGPJJdcqhUxSCS/WwW5pksYf3VP1M13cDRTSVA=",
        "owner": "numtide",
        "repo": "flake-utils",
        "rev": "c91f3de5adaf1de973b797ef7485e441a65b8935",
        "type": "github"
      },
      "original": {
        "owner": "numtide",
        "repo": "flake-utils",
        "type": "github"
      }
    },
    "flake-utils_5": {
      "locked": {
        "lastModified": 1644229661,
        "narHash": "sha256-1YdnJAsNy69bpcjuoKdOYQX0YxZBiCYZo4Twxerqv7k=",
        "owner": "numtide",
        "repo": "flake-utils",
        "rev": "3cecb5b042f7f209c56ffd8371b2711a290ec797",
        "type": "github"
      },
      "original": {
        "owner": "numtide",
        "repo": "flake-utils",
        "type": "github"
      }
    },
    "flake-utils_6": {
      "locked": {
        "lastModified": 1648297722,
        "narHash": "sha256-W+qlPsiZd8F3XkzXOzAoR+mpFqzm3ekQkJNa+PIh1BQ=",
        "owner": "numtide",
        "repo": "flake-utils",
        "rev": "0f8662f1319ad6abf89b3380dd2722369fc51ade",
        "type": "github"
      },
      "original": {
        "owner": "numtide",
        "repo": "flake-utils",
        "type": "github"
      }
    },
    "home-manager": {
      "inputs": {
        "nixpkgs": [
          "nixpkgs"
        ],
        "utils": "utils"
      },
      "locked": {
        "lastModified": 1656927578,
        "narHash": "sha256-ZSFrM/1PlJOqCb3mN88ZUh9dkQvNLU/nkoQ2tu02/FM=",
        "owner": "nix-community",
        "repo": "home-manager",
        "rev": "f2445620d177e295e711c1b2bc6c01ed6df26c16",
        "type": "github"
      },
      "original": {
        "owner": "nix-community",
        "repo": "home-manager",
        "type": "github"
      }
    },
    "mpv-discord-src": {
      "flake": false,
      "locked": {
        "lastModified": 1645436349,
        "narHash": "sha256-P1UaXGboOiqrXapfLzJI6IT3esNtflkQkcNXt4Umukc=",
        "owner": "tnychn",
        "repo": "mpv-discord",
        "rev": "861bfe54f4b3a1538c475fcf8e4e1fea38039419",
        "type": "github"
      },
      "original": {
        "owner": "tnychn",
        "repo": "mpv-discord",
        "type": "github"
      }
    },
    "naersk": {
      "inputs": {
        "nixpkgs": "nixpkgs_2"
      },
      "locked": {
        "lastModified": 1635444951,
        "narHash": "sha256-1y3YkERwoYDIZjGow7HLAR8K3C/9VBPCBy8VpftMPsM=",
        "owner": "nmattia",
        "repo": "naersk",
        "rev": "0d2ce479df4633dbeb53a8ea96e5098ed37fbcc6",
        "type": "github"
      },
      "original": {
        "owner": "nmattia",
        "repo": "naersk",
        "type": "github"
      }
    },
    "naersk_2": {
      "inputs": {
        "nixpkgs": "nixpkgs_8"
      },
      "locked": {
        "lastModified": 1635444951,
        "narHash": "sha256-1y3YkERwoYDIZjGow7HLAR8K3C/9VBPCBy8VpftMPsM=",
        "owner": "nmattia",
        "repo": "naersk",
        "rev": "0d2ce479df4633dbeb53a8ea96e5098ed37fbcc6",
        "type": "github"
      },
      "original": {
        "owner": "nmattia",
        "repo": "naersk",
        "type": "github"
      }
    },
    "naersk_3": {
      "inputs": {
        "nixpkgs": "nixpkgs_10"
      },
      "locked": {
        "lastModified": 1655042882,
        "narHash": "sha256-9BX8Fuez5YJlN7cdPO63InoyBy7dm3VlJkkmTt6fS1A=",
        "owner": "nix-community",
        "repo": "naersk",
        "rev": "cddffb5aa211f50c4b8750adbec0bbbdfb26bb9f",
        "type": "github"
      },
      "original": {
        "owner": "nix-community",
        "repo": "naersk",
        "type": "github"
      }
    },
    "naersk_4": {
      "inputs": {
        "nixpkgs": "nixpkgs_12"
      },
      "locked": {
        "lastModified": 1649096192,
        "narHash": "sha256-7O8e+eZEYeU+ET98u/zW5epuoN/xYx9G+CIh4DjZVzY=",
        "owner": "nmattia",
        "repo": "naersk",
        "rev": "d626f73332a8f587b613b0afe7293dd0777be07d",
        "type": "github"
      },
      "original": {
        "owner": "nmattia",
        "repo": "naersk",
        "type": "github"
      }
    },
    "neovim-flake": {
      "inputs": {
        "flake-utils": "flake-utils_3",
        "nixpkgs": [
          "neovim-nightly-overlay",
          "nixpkgs"
        ]
      },
      "locked": {
        "dir": "contrib",
        "lastModified": 1657088048,
        "narHash": "sha256-qnTmLwRbu9uNIwHH6l/yDXFTsr6SBs1xQSXbyjxj3qo=",
        "owner": "neovim",
        "repo": "neovim",
        "rev": "c68f1d7263cd5296e723d8cfee914c72f58138c3",
        "type": "github"
      },
      "original": {
        "dir": "contrib",
        "owner": "neovim",
        "repo": "neovim",
        "type": "github"
      }
    },
    "neovim-nightly-overlay": {
      "inputs": {
        "flake-compat": "flake-compat_2",
        "neovim-flake": "neovim-flake",
        "nixpkgs": "nixpkgs_5"
      },
      "locked": {
        "lastModified": 1657095389,
        "narHash": "sha256-CqVPFuOiYMHSHcgexdzERBSs5fTivGTOGZXXv8VAXS4=",
        "owner": "nix-community",
        "repo": "neovim-nightly-overlay",
        "rev": "c111a82ca8b6a2486b34b92400b38ff4cfa6d187",
        "type": "github"
      },
      "original": {
        "owner": "nix-community",
        "repo": "neovim-nightly-overlay",
        "type": "github"
      }
    },
    "nixpkgs": {
      "locked": {
        "lastModified": 1618251784,
        "narHash": "sha256-/IG7op2hUVnjzKt2UXL152+YsL0gdPakk6/RxondIJ0=",
        "path": "/nix/store/mz3jwbsj8az7vqic5jx2phj777yfjgh5-source",
        "rev": "311ceed827f531f88f46222920cd1ebb2c101f73",
        "type": "path"
      },
      "original": {
        "id": "nixpkgs",
        "type": "indirect"
      }
    },
    "nixpkgs-f2k": {
      "inputs": {
        "awesome-src": "awesome-src",
        "eww": "eww_2",
        "mpv-discord-src": "mpv-discord-src",
        "naersk": "naersk_3",
        "nixpkgs": "nixpkgs_11",
        "phocus-src": "phocus-src",
        "picom-dccsillag": "picom-dccsillag",
        "picom-pijulius": "picom-pijulius",
        "picom-src": "picom-src",
        "river-src": "river-src",
        "wezterm-git-src": "wezterm-git-src"
      },
      "locked": {
        "lastModified": 1657079526,
        "narHash": "sha256-+QJB5J5tkwtnvKynuyQi1N3IAdgH+8EXvfpp3IPbgb4=",
        "owner": "fortuneteller2k",
        "repo": "nixpkgs-f2k",
        "rev": "a421df2053e26e0fcc68363460738db4fcac6eaf",
        "type": "github"
      },
      "original": {
        "owner": "fortuneteller2k",
        "repo": "nixpkgs-f2k",
        "type": "github"
      }
    },
    "nixpkgs_10": {
      "locked": {
        "lastModified": 1657056915,
        "narHash": "sha256-pzpuGI0+UHNlWae91QYeAlK0rY0FGZJAhHfRArHNwKY=",
        "owner": "NixOS",
        "repo": "nixpkgs",
        "rev": "c9ad20e7ebbe27a29d12353d15cdc853f896291b",
        "type": "github"
      },
      "original": {
        "id": "nixpkgs",
        "type": "indirect"
      }
    },
    "nixpkgs_11": {
      "locked": {
        "lastModified": 1657072665,
        "narHash": "sha256-4mNrY4mNNqJCa0GvRys8WphvomCP3WX+vk+Cor6Myjk=",
        "owner": "NixOS",
        "repo": "nixpkgs",
        "rev": "a27f1085d7d2312fa4eec0b160d8565d06d88f61",
        "type": "github"
      },
      "original": {
        "owner": "NixOS",
        "ref": "master",
        "repo": "nixpkgs",
        "type": "github"
      }
    },
    "nixpkgs_12": {
      "locked": {
        "lastModified": 1648219316,
        "narHash": "sha256-Ctij+dOi0ZZIfX5eMhgwugfvB+WZSrvVNAyAuANOsnQ=",
        "owner": "NixOS",
        "repo": "nixpkgs",
        "rev": "30d3d79b7d3607d56546dd2a6b49e156ba0ec634",
        "type": "github"
      },
      "original": {
        "id": "nixpkgs",
        "type": "indirect"
      }
    },
    "nixpkgs_13": {
      "locked": {
        "lastModified": 1648219316,
        "narHash": "sha256-Ctij+dOi0ZZIfX5eMhgwugfvB+WZSrvVNAyAuANOsnQ=",
        "owner": "NixOS",
        "repo": "nixpkgs",
        "rev": "30d3d79b7d3607d56546dd2a6b49e156ba0ec634",
        "type": "github"
      },
      "original": {
        "id": "nixpkgs",
        "ref": "nixpkgs-unstable",
        "type": "indirect"
      }
    },
    "nixpkgs_2": {
      "locked": {
        "lastModified": 1635481254,
        "narHash": "sha256-tyVpgjeNhzCP2bBdIgFOkTtwDJWO/bKp59V5ctfonyg=",
        "owner": "NixOS",
        "repo": "nixpkgs",
        "rev": "f1d9248eddad2369fca6572470670ec45aa85272",
        "type": "github"
      },
      "original": {
        "id": "nixpkgs",
        "type": "indirect"
      }
    },
    "nixpkgs_3": {
      "locked": {
        "lastModified": 1635336330,
        "narHash": "sha256-EPrCZTmuOEY1KLjUCu7rXCBxNemggIFJMDdfEqXQKGo=",
        "owner": "NixOS",
        "repo": "nixpkgs",
        "rev": "51acb65b302551ac7993b437cc6863fe9fa8ae50",
        "type": "github"
      },
      "original": {
        "id": "nixpkgs",
        "ref": "nixpkgs-unstable",
        "type": "indirect"
      }
    },
    "nixpkgs_4": {
      "locked": {
        "lastModified": 1649843365,
        "narHash": "sha256-nm25C0Y3rxE4xkXVdrdX9BP1QABh5VMFOWKvDWpk73o=",
        "owner": "NixOS",
        "repo": "nixpkgs",
        "rev": "0343e3415784b2cd9c68924294794f7dbee12ab3",
        "type": "github"
      },
      "original": {
        "id": "nixpkgs",
        "type": "indirect"
      }
    },
    "nixpkgs_5": {
      "locked": {
        "lastModified": 1656934082,
        "narHash": "sha256-Xl5uJidLtIAAt62837o3acKJtiwPwkLyWHcTf2OCmKE=",
        "owner": "nixos",
        "repo": "nixpkgs",
        "rev": "ac8fadc7f35009bf0fd81e9306c92a4238b0fe4c",
        "type": "github"
      },
      "original": {
        "owner": "nixos",
        "ref": "nixos-unstable",
        "repo": "nixpkgs",
        "type": "github"
      }
    },
    "nixpkgs_6": {
      "locked": {
        "lastModified": 1657020478,
        "narHash": "sha256-sU5hXEGcOcvz2xoPAuNLBQJLXjwvPpTkoddyXE8gw20=",
        "owner": "nixos",
        "repo": "nixpkgs",
        "rev": "71a4f0dc3d80ba76f437c888c1c3d59f1df98163",
        "type": "github"
      },
      "original": {
        "owner": "nixos",
        "ref": "nixos-unstable",
        "repo": "nixpkgs",
        "type": "github"
      }
    },
    "nixpkgs_7": {
      "locked": {
        "lastModified": 1657020478,
        "narHash": "sha256-sU5hXEGcOcvz2xoPAuNLBQJLXjwvPpTkoddyXE8gw20=",
        "owner": "nixos",
        "repo": "nixpkgs",
        "rev": "71a4f0dc3d80ba76f437c888c1c3d59f1df98163",
        "type": "github"
      },
      "original": {
        "owner": "nixos",
        "ref": "nixos-unstable",
        "repo": "nixpkgs",
        "type": "github"
      }
    },
    "nixpkgs_8": {
      "locked": {
        "lastModified": 1635481254,
        "narHash": "sha256-tyVpgjeNhzCP2bBdIgFOkTtwDJWO/bKp59V5ctfonyg=",
        "owner": "NixOS",
        "repo": "nixpkgs",
        "rev": "f1d9248eddad2369fca6572470670ec45aa85272",
        "type": "github"
      },
      "original": {
        "id": "nixpkgs",
        "type": "indirect"
      }
    },
    "nixpkgs_9": {
      "locked": {
        "lastModified": 1635336330,
        "narHash": "sha256-EPrCZTmuOEY1KLjUCu7rXCBxNemggIFJMDdfEqXQKGo=",
        "owner": "NixOS",
        "repo": "nixpkgs",
        "rev": "51acb65b302551ac7993b437cc6863fe9fa8ae50",
        "type": "github"
      },
      "original": {
        "id": "nixpkgs",
        "ref": "nixpkgs-unstable",
        "type": "indirect"
      }
    },
    "nur": {
      "locked": {
        "lastModified": 1657106528,
        "narHash": "sha256-Jm2XUK8PSdiWfzfF6f/lIfnaOCrcq+JsT/cV5P5c1Uw=",
        "owner": "nix-community",
        "repo": "NUR",
        "rev": "71d760099ad1a16ebae22b4ec551bf54a9e93d8e",
        "type": "github"
      },
      "original": {
        "owner": "nix-community",
        "repo": "NUR",
        "type": "github"
      }
    },
    "phocus-src": {
      "flake": false,
      "locked": {
        "lastModified": 1651860970,
        "narHash": "sha256-yz4gcK7gZ4lFAyehiPgtLDcPs12xFP+RqSriOsbv6to=",
        "owner": "phocus",
        "repo": "gtk",
        "rev": "945ad3940c69222d45a2bd06e0838164002b6690",
        "type": "github"
      },
      "original": {
        "owner": "phocus",
        "repo": "gtk",
        "type": "github"
      }
    },
    "picom-dccsillag": {
      "flake": false,
      "locked": {
        "lastModified": 1653865492,
        "narHash": "sha256-crCwRJd859DCIC0pEerpDqdX2j8ZrNAzVaSSB3mTPN8=",
        "owner": "dccsillag",
        "repo": "picom",
        "rev": "51b21355696add83f39ccdb8dd82ff5009ba0ae5",
        "type": "github"
      },
      "original": {
        "owner": "dccsillag",
        "ref": "implement-window-animations",
        "repo": "picom",
        "type": "github"
      }
    },
    "picom-pijulius": {
      "flake": false,
      "locked": {
        "lastModified": 1634982684,
        "narHash": "sha256-YiuLScDV9UfgI1MiYRtjgRkJ0VuA1TExATA2nJSJMhM=",
        "owner": "pijulius",
        "repo": "picom",
        "rev": "982bb43e5d4116f1a37a0bde01c9bda0b88705b9",
        "type": "github"
      },
      "original": {
        "owner": "pijulius",
        "ref": "implement-window-animations",
        "repo": "picom",
        "type": "github"
      }
    },
    "picom-src": {
      "flake": false,
      "locked": {
        "lastModified": 1649865898,
        "narHash": "sha256-e0Zd/kVqRiYUL6afsp4+JHKSe0qtNLyBE2s6Nem4A1I=",
        "owner": "yshui",
        "repo": "picom",
        "rev": "cd50596f0ed81c0aa28cefed62176bd6f050a1c6",
        "type": "github"
      },
      "original": {
        "owner": "yshui",
        "repo": "picom",
        "type": "github"
      }
    },
    "pre-commit-hooks": {
      "inputs": {
        "flake-utils": "flake-utils_5",
        "nixpkgs": [
          "nixpkgs"
        ]
      },
      "locked": {
        "lastModified": 1656169028,
        "narHash": "sha256-y9DRauokIeVHM7d29lwT8A+0YoGUBXV3H0VErxQeA8s=",
        "owner": "cachix",
        "repo": "pre-commit-hooks.nix",
        "rev": "db3bd555d3a3ceab208bed48f983ccaa6a71a25e",
        "type": "github"
      },
      "original": {
        "owner": "cachix",
        "repo": "pre-commit-hooks.nix",
        "type": "github"
      }
    },
    "river-src": {
      "flake": false,
      "locked": {
        "lastModified": 1656791172,
        "narHash": "sha256-/5Y5koMNvBCAd7FV1yHJ4BAx0+FjcA0vfroA63B95uQ=",
        "ref": "master",
        "rev": "b58bd829c28435799e2c080acf75f245b51e246b",
        "revCount": 868,
        "submodules": true,
        "type": "git",
        "url": "https://github.com/ifreund/river.git"
      },
      "original": {
        "submodules": true,
        "type": "git",
        "url": "https://github.com/ifreund/river.git"
      }
    },
    "root": {
      "inputs": {
        "discocss": "discocss",
        "discord-overlay": "discord-overlay",
        "eww": "eww",
        "fetch": "fetch",
        "home-manager": "home-manager",
        "neovim-nightly-overlay": "neovim-nightly-overlay",
        "nixpkgs": "nixpkgs_6",
        "nixpkgs-f2k": "nixpkgs-f2k",
        "nur": "nur",
        "pre-commit-hooks": "pre-commit-hooks",
        "todo": "todo"
      }
    },
    "rust-analyzer-src": {
      "flake": false,
      "locked": {
        "lastModified": 1635274542,
        "narHash": "sha256-Cew1/WUozM3jalItPuj4cNN8GIFMvCaJ1KXoj6wrHwE=",
        "owner": "rust-analyzer",
        "repo": "rust-analyzer",
        "rev": "dd43f3f2d13a32199828e758ddf13176df1f17f9",
        "type": "github"
      },
      "original": {
        "owner": "rust-analyzer",
        "ref": "nightly",
        "repo": "rust-analyzer",
        "type": "github"
      }
    },
    "rust-analyzer-src_2": {
      "flake": false,
      "locked": {
        "lastModified": 1635274542,
        "narHash": "sha256-Cew1/WUozM3jalItPuj4cNN8GIFMvCaJ1KXoj6wrHwE=",
        "owner": "rust-analyzer",
        "repo": "rust-analyzer",
        "rev": "dd43f3f2d13a32199828e758ddf13176df1f17f9",
        "type": "github"
      },
      "original": {
        "owner": "rust-analyzer",
        "ref": "nightly",
        "repo": "rust-analyzer",
        "type": "github"
      }
    },
    "rust-analyzer-src_3": {
      "flake": false,
      "locked": {
        "lastModified": 1649102917,
        "narHash": "sha256-xBjxve7+0sIYlxlGLHjJV0DNmNC6GFlvLT+ura1cht8=",
        "owner": "rust-analyzer",
        "repo": "rust-analyzer",
        "rev": "5a6918f1c4e9d4f0c6a655e6283470f64edd64cf",
        "type": "github"
      },
      "original": {
        "owner": "rust-analyzer",
        "ref": "nightly",
        "repo": "rust-analyzer",
        "type": "github"
      }
    },
    "todo": {
      "inputs": {
        "fenix": "fenix_3",
        "flake-compat": "flake-compat_4",
        "flake-utils": "flake-utils_6",
        "naersk": "naersk_4",
        "nixpkgs": "nixpkgs_13"
      },
      "locked": {
        "lastModified": 1652017261,
        "narHash": "sha256-PsYXANqwJNj34sBIB7kOgnxXgLYvMA6AQXSIt8GduBc=",
        "owner": "sioodmy",
        "repo": "todo",
        "rev": "6c7089c83fc2c61ac4208cf3d9c02fd90a866e7a",
        "type": "github"
      },
      "original": {
        "owner": "sioodmy",
        "repo": "todo",
        "type": "github"
      }
    },
    "utils": {
      "locked": {
        "lastModified": 1653893745,
        "narHash": "sha256-0jntwV3Z8//YwuOjzhV2sgJJPt+HY6KhU7VZUL0fKZQ=",
        "owner": "numtide",
        "repo": "flake-utils",
        "rev": "1ed9fb1935d260de5fe1c2f7ee0ebaae17ed2fa1",
        "type": "github"
      },
      "original": {
        "owner": "numtide",
        "repo": "flake-utils",
        "type": "github"
      }
    },
    "wezterm-git-src": {
      "flake": false,
      "locked": {
        "lastModified": 1657067743,
        "narHash": "sha256-WNynd1ZnCE5KV8pXrhjrLMlPXoinFtsT5seQYIB7dIA=",
        "ref": "main",
        "rev": "df1b832fceeddcdc1b012b79c21bedad57ff6a66",
        "revCount": 5847,
        "submodules": true,
        "type": "git",
        "url": "https://github.com/wez/wezterm.git"
      },
      "original": {
        "ref": "main",
        "submodules": true,
        "type": "git",
        "url": "https://github.com/wez/wezterm.git"
      }
    }
  },
  "root": "root",
  "version": 7
}
